
Microsoft Visual Studio Solution File, Format Version 12.00
# Visual Studio 15
VisualStudioVersion = 15.0.27004.2009
MinimumVisualStudioVersion = 10.0.40219.1
Project("{A07B5EB6-E848-4116-A8D0-A826331D98C6}") = "ilionx.MicroServices.DemoServices", "ilionx.MicroServices.DemoServices\ilionx.MicroServices.DemoServices.sfproj", "{2EDBEE70-A552-42F3-8C8C-68612CC12BCD}"
EndProject
Project("{FAE04EC0-301F-11D3-BF4B-00C04F79EFBC}") = "ShapeActor", "ShapeActor\ShapeActor.csproj", "{F112B9E6-3D2D-4CE0-9EFF-2F311CA5D286}"
EndProject
Project("{FAE04EC0-301F-11D3-BF4B-00C04F79EFBC}") = "ShapeActor.Interfaces", "ShapeActor.Interfaces\ShapeActor.Interfaces.csproj", "{127A8724-BC76-438F-9366-C3006243E444}"
EndProject
Project("{2150E333-8FDC-42A3-9474-1A3956D46DE8}") = "Services", "Services", "{9BBA3C68-F440-4124-855C-6357281119CD}"
EndProject
Project("{2150E333-8FDC-42A3-9474-1A3956D46DE8}") = "Client", "Client", "{C440AAB4-D408-44EB-9C32-8AAF53947628}"
EndProject
Project("{2150E333-8FDC-42A3-9474-1A3956D46DE8}") = "Shared", "Shared", "{C3E8B9CE-1281-43F0-A7F0-3E87C4C2B231}"
EndProject
Project("{FAE04EC0-301F-11D3-BF4B-00C04F79EFBC}") = "ilionx.MicroServices.ClientApp", "ilionx.MicroServices.ClientApp\ilionx.MicroServices.ClientApp.csproj", "{4971DD46-2678-4F80-BD1E-3BAF49D42B0B}"
EndProject
Project("{FAE04EC0-301F-11D3-BF4B-00C04F79EFBC}") = "ilionx.MicroServices.Models", "ilionx.MicroServices.Models\ilionx.MicroServices.Models.csproj", "{21518FE3-EE41-4D18-A1A2-2C0C5484E98F}"
EndProject
Project("{FAE04EC0-301F-11D3-BF4B-00C04F79EFBC}") = "ShapeList", "ShapeList\ShapeList.csproj", "{5F819E0A-2727-497F-9239-1FC1CB8E7254}"
EndProject
Project("{FAE04EC0-301F-11D3-BF4B-00C04F79EFBC}") = "ShapeList.Interfaces", "ShapeList.Interfaces\ShapeList.Interfaces.csproj", "{8608E886-C9F9-4A73-9CEC-A41E53A85AD8}"
EndProject
Global
	GlobalSection(SolutionConfigurationPlatforms) = preSolution
		Debug|Any CPU = Debug|Any CPU
		Debug|ARM = Debug|ARM
		Debug|x64 = Debug|x64
		Debug|x86 = Debug|x86
		Release|Any CPU = Release|Any CPU
		Release|ARM = Release|ARM
		Release|x64 = Release|x64
		Release|x86 = Release|x86
	EndGlobalSection
	GlobalSection(ProjectConfigurationPlatforms) = postSolution
		{2EDBEE70-A552-42F3-8C8C-68612CC12BCD}.Debug|Any CPU.ActiveCfg = Debug|x64
		{2EDBEE70-A552-42F3-8C8C-68612CC12BCD}.Debug|ARM.ActiveCfg = Debug|x64
		{2EDBEE70-A552-42F3-8C8C-68612CC12BCD}.Debug|x64.ActiveCfg = Debug|x64
		{2EDBEE70-A552-42F3-8C8C-68612CC12BCD}.Debug|x64.Build.0 = Debug|x64
		{2EDBEE70-A552-42F3-8C8C-68612CC12BCD}.Debug|x64.Deploy.0 = Debug|x64
		{2EDBEE70-A552-42F3-8C8C-68612CC12BCD}.Debug|x86.ActiveCfg = Debug|x64
		{2EDBEE70-A552-42F3-8C8C-68612CC12BCD}.Release|Any CPU.ActiveCfg = Release|x64
		{2EDBEE70-A552-42F3-8C8C-68612CC12BCD}.Release|ARM.ActiveCfg = Release|x64
		{2EDBEE70-A552-42F3-8C8C-68612CC12BCD}.Release|x64.ActiveCfg = Release|x64
		{2EDBEE70-A552-42F3-8C8C-68612CC12BCD}.Release|x64.Build.0 = Release|x64
		{2EDBEE70-A552-42F3-8C8C-68612CC12BCD}.Release|x64.Deploy.0 = Release|x64
		{2EDBEE70-A552-42F3-8C8C-68612CC12BCD}.Release|x86.ActiveCfg = Release|x64
		{F112B9E6-3D2D-4CE0-9EFF-2F311CA5D286}.Debug|Any CPU.ActiveCfg = Debug|x64
		{F112B9E6-3D2D-4CE0-9EFF-2F311CA5D286}.Debug|ARM.ActiveCfg = Debug|x64
		{F112B9E6-3D2D-4CE0-9EFF-2F311CA5D286}.Debug|x64.ActiveCfg = Debug|x64
		{F112B9E6-3D2D-4CE0-9EFF-2F311CA5D286}.Debug|x64.Build.0 = Debug|x64
		{F112B9E6-3D2D-4CE0-9EFF-2F311CA5D286}.Debug|x86.ActiveCfg = Debug|x64
		{F112B9E6-3D2D-4CE0-9EFF-2F311CA5D286}.Release|Any CPU.ActiveCfg = Release|x64
		{F112B9E6-3D2D-4CE0-9EFF-2F311CA5D286}.Release|ARM.ActiveCfg = Release|x64
		{F112B9E6-3D2D-4CE0-9EFF-2F311CA5D286}.Release|x64.ActiveCfg = Release|x64
		{F112B9E6-3D2D-4CE0-9EFF-2F311CA5D286}.Release|x64.Build.0 = Release|x64
		{F112B9E6-3D2D-4CE0-9EFF-2F311CA5D286}.Release|x86.ActiveCfg = Release|x64
		{127A8724-BC76-438F-9366-C3006243E444}.Debug|Any CPU.ActiveCfg = Debug|x64
		{127A8724-BC76-438F-9366-C3006243E444}.Debug|ARM.ActiveCfg = Debug|x64
		{127A8724-BC76-438F-9366-C3006243E444}.Debug|x64.ActiveCfg = Debug|x64
		{127A8724-BC76-438F-9366-C3006243E444}.Debug|x64.Build.0 = Debug|x64
		{127A8724-BC76-438F-9366-C3006243E444}.Debug|x86.ActiveCfg = Debug|x64
		{127A8724-BC76-438F-9366-C3006243E444}.Release|Any CPU.ActiveCfg = Release|x64
		{127A8724-BC76-438F-9366-C3006243E444}.Release|ARM.ActiveCfg = Release|x64
		{127A8724-BC76-438F-9366-C3006243E444}.Release|x64.ActiveCfg = Release|x64
		{127A8724-BC76-438F-9366-C3006243E444}.Release|x64.Build.0 = Release|x64
		{127A8724-BC76-438F-9366-C3006243E444}.Release|x86.ActiveCfg = Release|x64
		{4971DD46-2678-4F80-BD1E-3BAF49D42B0B}.Debug|Any CPU.ActiveCfg = Debug|Any CPU
		{4971DD46-2678-4F80-BD1E-3BAF49D42B0B}.Debug|Any CPU.Build.0 = Debug|Any CPU
		{4971DD46-2678-4F80-BD1E-3BAF49D42B0B}.Debug|ARM.ActiveCfg = Debug|Any CPU
		{4971DD46-2678-4F80-BD1E-3BAF49D42B0B}.Debug|ARM.Build.0 = Debug|Any CPU
		{4971DD46-2678-4F80-BD1E-3BAF49D42B0B}.Debug|x64.ActiveCfg = Debug|x64
		{4971DD46-2678-4F80-BD1E-3BAF49D42B0B}.Debug|x64.Build.0 = Debug|x64
		{4971DD46-2678-4F80-BD1E-3BAF49D42B0B}.Debug|x86.ActiveCfg = Debug|Any CPU
		{4971DD46-2678-4F80-BD1E-3BAF49D42B0B}.Debug|x86.Build.0 = Debug|Any CPU
		{4971DD46-2678-4F80-BD1E-3BAF49D42B0B}.Release|Any CPU.ActiveCfg = Release|Any CPU
		{4971DD46-2678-4F80-BD1E-3BAF49D42B0B}.Release|Any CPU.Build.0 = Release|Any CPU
		{4971DD46-2678-4F80-BD1E-3BAF49D42B0B}.Release|ARM.ActiveCfg = Release|Any CPU
		{4971DD46-2678-4F80-BD1E-3BAF49D42B0B}.Release|ARM.Build.0 = Release|Any CPU
		{4971DD46-2678-4F80-BD1E-3BAF49D42B0B}.Release|x64.ActiveCfg = Release|x64
		{4971DD46-2678-4F80-BD1E-3BAF49D42B0B}.Release|x64.Build.0 = Release|x64
		{4971DD46-2678-4F80-BD1E-3BAF49D42B0B}.Release|x86.ActiveCfg = Release|Any CPU
		{4971DD46-2678-4F80-BD1E-3BAF49D42B0B}.Release|x86.Build.0 = Release|Any CPU
		{21518FE3-EE41-4D18-A1A2-2C0C5484E98F}.Debug|Any CPU.ActiveCfg = Debug|Any CPU
		{21518FE3-EE41-4D18-A1A2-2C0C5484E98F}.Debug|Any CPU.Build.0 = Debug|Any CPU
		{21518FE3-EE41-4D18-A1A2-2C0C5484E98F}.Debug|ARM.ActiveCfg = Debug|Any CPU
		{21518FE3-EE41-4D18-A1A2-2C0C5484E98F}.Debug|ARM.Build.0 = Debug|Any CPU
		{21518FE3-EE41-4D18-A1A2-2C0C5484E98F}.Debug|x64.ActiveCfg = Debug|x64
		{21518FE3-EE41-4D18-A1A2-2C0C5484E98F}.Debug|x64.Build.0 = Debug|x64
		{21518FE3-EE41-4D18-A1A2-2C0C5484E98F}.Debug|x86.ActiveCfg = Debug|Any CPU
		{21518FE3-EE41-4D18-A1A2-2C0C5484E98F}.Debug|x86.Build.0 = Debug|Any CPU
		{21518FE3-EE41-4D18-A1A2-2C0C5484E98F}.Release|Any CPU.ActiveCfg = Release|Any CPU
		{21518FE3-EE41-4D18-A1A2-2C0C5484E98F}.Release|Any CPU.Build.0 = Release|Any CPU
		{21518FE3-EE41-4D18-A1A2-2C0C5484E98F}.Release|ARM.ActiveCfg = Release|Any CPU
		{21518FE3-EE41-4D18-A1A2-2C0C5484E98F}.Release|ARM.Build.0 = Release|Any CPU
		{21518FE3-EE41-4D18-A1A2-2C0C5484E98F}.Release|x64.ActiveCfg = Release|x64
		{21518FE3-EE41-4D18-A1A2-2C0C5484E98F}.Release|x64.Build.0 = Release|x64
		{21518FE3-EE41-4D18-A1A2-2C0C5484E98F}.Release|x86.ActiveCfg = Release|Any CPU
		{21518FE3-EE41-4D18-A1A2-2C0C5484E98F}.Release|x86.Build.0 = Release|Any CPU
		{5F819E0A-2727-497F-9239-1FC1CB8E7254}.Debug|Any CPU.ActiveCfg = Debug|x64
		{5F819E0A-2727-497F-9239-1FC1CB8E7254}.Debug|ARM.ActiveCfg = Debug|x64
		{5F819E0A-2727-497F-9239-1FC1CB8E7254}.Debug|x64.ActiveCfg = Debug|x64
		{5F819E0A-2727-497F-9239-1FC1CB8E7254}.Debug|x64.Build.0 = Debug|x64
		{5F819E0A-2727-497F-9239-1FC1CB8E7254}.Debug|x86.ActiveCfg = Debug|x64
		{5F819E0A-2727-497F-9239-1FC1CB8E7254}.Release|Any CPU.ActiveCfg = Release|x64
		{5F819E0A-2727-497F-9239-1FC1CB8E7254}.Release|ARM.ActiveCfg = Release|x64
		{5F819E0A-2727-497F-9239-1FC1CB8E7254}.Release|x64.ActiveCfg = Release|x64
		{5F819E0A-2727-497F-9239-1FC1CB8E7254}.Release|x64.Build.0 = Release|x64
		{5F819E0A-2727-497F-9239-1FC1CB8E7254}.Release|x86.ActiveCfg = Release|x64
		{8608E886-C9F9-4A73-9CEC-A41E53A85AD8}.Debug|Any CPU.ActiveCfg = Debug|Any CPU
		{8608E886-C9F9-4A73-9CEC-A41E53A85AD8}.Debug|Any CPU.Build.0 = Debug|Any CPU
		{8608E886-C9F9-4A73-9CEC-A41E53A85AD8}.Debug|ARM.ActiveCfg = Debug|Any CPU
		{8608E886-C9F9-4A73-9CEC-A41E53A85AD8}.Debug|ARM.Build.0 = Debug|Any CPU
		{8608E886-C9F9-4A73-9CEC-A41E53A85AD8}.Debug|x64.ActiveCfg = Debug|x64
		{8608E886-C9F9-4A73-9CEC-A41E53A85AD8}.Debug|x64.Build.0 = Debug|x64
		{8608E886-C9F9-4A73-9CEC-A41E53A85AD8}.Debug|x86.ActiveCfg = Debug|Any CPU
		{8608E886-C9F9-4A73-9CEC-A41E53A85AD8}.Debug|x86.Build.0 = Debug|Any CPU
		{8608E886-C9F9-4A73-9CEC-A41E53A85AD8}.Release|Any CPU.ActiveCfg = Release|Any CPU
		{8608E886-C9F9-4A73-9CEC-A41E53A85AD8}.Release|Any CPU.Build.0 = Release|Any CPU
		{8608E886-C9F9-4A73-9CEC-A41E53A85AD8}.Release|ARM.ActiveCfg = Release|Any CPU
		{8608E886-C9F9-4A73-9CEC-A41E53A85AD8}.Release|ARM.Build.0 = Release|Any CPU
		{8608E886-C9F9-4A73-9CEC-A41E53A85AD8}.Release|x64.ActiveCfg = Release|x64
		{8608E886-C9F9-4A73-9CEC-A41E53A85AD8}.Release|x64.Build.0 = Release|x64
		{8608E886-C9F9-4A73-9CEC-A41E53A85AD8}.Release|x86.ActiveCfg = Release|Any CPU
		{8608E886-C9F9-4A73-9CEC-A41E53A85AD8}.Release|x86.Build.0 = Release|Any CPU
	EndGlobalSection
	GlobalSection(SolutionProperties) = preSolution
		HideSolutionNode = FALSE
	EndGlobalSection
	GlobalSection(NestedProjects) = preSolution
		{2EDBEE70-A552-42F3-8C8C-68612CC12BCD} = {9BBA3C68-F440-4124-855C-6357281119CD}
		{F112B9E6-3D2D-4CE0-9EFF-2F311CA5D286} = {9BBA3C68-F440-4124-855C-6357281119CD}
		{127A8724-BC76-438F-9366-C3006243E444} = {9BBA3C68-F440-4124-855C-6357281119CD}
		{4971DD46-2678-4F80-BD1E-3BAF49D42B0B} = {C440AAB4-D408-44EB-9C32-8AAF53947628}
		{21518FE3-EE41-4D18-A1A2-2C0C5484E98F} = {C3E8B9CE-1281-43F0-A7F0-3E87C4C2B231}
		{5F819E0A-2727-497F-9239-1FC1CB8E7254} = {9BBA3C68-F440-4124-855C-6357281119CD}
		{8608E886-C9F9-4A73-9CEC-A41E53A85AD8} = {9BBA3C68-F440-4124-855C-6357281119CD}
	EndGlobalSection
	GlobalSection(ExtensibilityGlobals) = postSolution
		SolutionGuid = {24410A76-2BC8-4C8C-9513-75114803D4C7}
	EndGlobalSection
EndGlobal
